<?xml version="1.0" encoding="utf-8"?>
<Project ToolsVersion="4.0" xmlns="http://schemas.microsoft.com/developer/msbuild/2003">
  <ItemGroup>
    <Filter Include="Source Files">
      <UniqueIdentifier>{4FC737F1-C7A5-4376-A066-2A32D752A2FF}</UniqueIdentifier>
      <Extensions>cpp;c;cc;cxx;def;odl;idl;hpj;bat;asm;asmx</Extensions>
    </Filter>
    <Filter Include="Header Files">
      <UniqueIdentifier>{93995380-89BD-4b04-88EB-625FBE52EBFB}</UniqueIdentifier>
      <Extensions>h;hh;hpp;hxx;hm;inl;inc;ipp;xsd</Extensions>
    </Filter>
    <Filter Include="Resource Files">
      <UniqueIdentifier>{67DA6AB6-F800-4c08-8B7A-83BB121AAD01}</UniqueIdentifier>
      <Extensions>rc;ico;cur;bmp;dlg;rc2;rct;bin;rgs;gif;jpg;jpeg;jpe;resx;tiff;tif;png;wav;mfcribbon-ms</Extensions>
    </Filter>
  </ItemGroup>
  <ItemGroup>
    <ClInclude Include="pch.h">
      <Filter>Header Files</Filter>
    </ClInclude>
    <ClInclude Include="User.h">
      <Filter>Header Files</Filter>
    </ClInclude>
    <ClInclude Include="Group.h">
      <Filter>Header Files</Filter>
    </ClInclude>
    <ClInclude Include="Commands.h">
      <Filter>Header Files</Filter>
    </ClInclude>
    <ClInclude Include="Program_Initialization.h">
      <Filter>Header Files</Filter>
    </ClInclude>
    <ClInclude Include="Server.h">
      <Filter>Header Files</Filter>
    </ClInclude>
    <ClInclude Include="Adduser.h">
      <Filter>Header Files</Filter>
    </ClInclude>
    <ClInclude Include="SeparateOptions.h">
      <Filter>Header Files</Filter>
    </ClInclude>
    <ClInclude Include="Exceptions.h">
      <Filter>Header Files</Filter>
    </ClInclude>
    <ClInclude Include="OptionIndex.h">
      <Filter>Header Files</Filter>
    </ClInclude>
    <ClInclude Include="OptionValue.h">
      <Filter>Header Files</Filter>
    </ClInclude>
    <ClInclude Include="Addgroup.h">
      <Filter>Header Files</Filter>
    </ClInclude>
    <ClInclude Include="Start_Handling_User.h">
      <Filter>Header Files</Filter>
    </ClInclude>
    <ClInclude Include="Handle_User.h">
      <Filter>Header Files</Filter>
    </ClInclude>
    <ClInclude Include="Find_User.h">
      <Filter>Header Files</Filter>
    </ClInclude>
    <ClInclude Include="Upload.h">
      <Filter>Header Files</Filter>
    </ClInclude>
    <ClInclude Include="Console_Handler.h">
      <Filter>Header Files</Filter>
    </ClInclude>
    <ClInclude Include="Send_to_Host.h">
      <Filter>Header Files</Filter>
    </ClInclude>
    <ClInclude Include="Log.h">
      <Filter>Header Files</Filter>
    </ClInclude>
    <ClInclude Include="Manage_Group.h">
      <Filter>Header Files</Filter>
    </ClInclude>
    <ClInclude Include="Find_Group.h">
      <Filter>Header Files</Filter>
    </ClInclude>
    <ClInclude Include="membership.h">
      <Filter>Header Files</Filter>
    </ClInclude>
    <ClInclude Include="User_Exists.h">
      <Filter>Header Files</Filter>
    </ClInclude>
    <ClInclude Include="LS.h">
      <Filter>Header Files</Filter>
    </ClInclude>
    <ClInclude Include="Result.h">
      <Filter>Header Files</Filter>
    </ClInclude>
    <ClInclude Include="Download.h">
      <Filter>Header Files</Filter>
    </ClInclude>
    <ClInclude Include="Active.h">
      <Filter>Header Files</Filter>
    </ClInclude>
    <ClInclude Include="Mkdir.h">
      <Filter>Header Files</Filter>
    </ClInclude>
    <ClInclude Include="Compress.h">
      <Filter>Header Files</Filter>
    </ClInclude>
    <ClInclude Include="Delete.h">
      <Filter>Header Files</Filter>
    </ClInclude>
    <ClInclude Include="Decompress.h">
      <Filter>Header Files</Filter>
    </ClInclude>
    <ClInclude Include="Hash.h">
      <Filter>Header Files</Filter>
    </ClInclude>
  </ItemGroup>
  <ItemGroup>
    <ClCompile Include="pch.cpp">
      <Filter>Source Files</Filter>
    </ClCompile>
    <ClCompile Include="Projekt_PI.cpp">
      <Filter>Source Files</Filter>
    </ClCompile>
    <ClCompile Include="Server.cpp">
      <Filter>Source Files</Filter>
    </ClCompile>
    <ClCompile Include="Program_Initialization.cpp">
      <Filter>Source Files</Filter>
    </ClCompile>
    <ClCompile Include="User.cpp">
      <Filter>Source Files</Filter>
    </ClCompile>
    <ClCompile Include="Adduser.cpp">
      <Filter>Source Files</Filter>
    </ClCompile>
    <ClCompile Include="SeparateOptions.cpp">
      <Filter>Source Files</Filter>
    </ClCompile>
    <ClCompile Include="OptionIndex.cpp">
      <Filter>Source Files</Filter>
    </ClCompile>
    <ClCompile Include="OptionValue.cpp">
      <Filter>Source Files</Filter>
    </ClCompile>
    <ClCompile Include="Addgroup.cpp">
      <Filter>Source Files</Filter>
    </ClCompile>
    <ClCompile Include="Start_Handling_User.cpp">
      <Filter>Source Files</Filter>
    </ClCompile>
    <ClCompile Include="Handle_User.cpp">
      <Filter>Source Files</Filter>
    </ClCompile>
    <ClCompile Include="Find_User.cpp">
      <Filter>Source Files</Filter>
    </ClCompile>
    <ClCompile Include="Upload_Handle.cpp">
      <Filter>Source Files</Filter>
    </ClCompile>
    <ClCompile Include="Group.cpp">
      <Filter>Source Files</Filter>
    </ClCompile>
    <ClCompile Include="Console_Handler.cpp">
      <Filter>Source Files</Filter>
    </ClCompile>
    <ClCompile Include="Send_to_Host.cpp">
      <Filter>Source Files</Filter>
    </ClCompile>
    <ClCompile Include="Log.cpp">
      <Filter>Source Files</Filter>
    </ClCompile>
    <ClCompile Include="Manage_Group.cpp">
      <Filter>Source Files</Filter>
    </ClCompile>
    <ClCompile Include="Find_Group.cpp">
      <Filter>Source Files</Filter>
    </ClCompile>
    <ClCompile Include="membership.cpp">
      <Filter>Source Files</Filter>
    </ClCompile>
    <ClCompile Include="User_Exists.cpp">
      <Filter>Source Files</Filter>
    </ClCompile>
    <ClCompile Include="Result.cpp">
      <Filter>Source Files</Filter>
    </ClCompile>
    <ClCompile Include="LS.cpp">
      <Filter>Source Files</Filter>
    </ClCompile>
    <ClCompile Include="Download_Handle.cpp">
      <Filter>Source Files</Filter>
    </ClCompile>
    <ClCompile Include="Active.cpp">
      <Filter>Source Files</Filter>
    </ClCompile>
    <ClCompile Include="Mkdir.cpp">
      <Filter>Source Files</Filter>
    </ClCompile>
    <ClCompile Include="Compress.cpp">
      <Filter>Source Files</Filter>
    </ClCompile>
    <ClCompile Include="Delete.cpp">
      <Filter>Source Files</Filter>
    </ClCompile>
    <ClCompile Include="gzip.cpp">
      <Filter>Source Files</Filter>
    </ClCompile>
    <ClCompile Include="Decompress.cpp">
      <Filter>Source Files</Filter>
    </ClCompile>
    <ClCompile Include="hash.cpp">
      <Filter>Source Files</Filter>
    </ClCompile>
  </ItemGroup>
  <ItemGroup>
    <None Include="packages.config" />
  </ItemGroup>
</Project>